
Microsoft Visual Studio Solution File, Format Version 12.00
# Visual Studio Version 17
VisualStudioVersion = 17.5.33530.505
MinimumVisualStudioVersion = 10.0.40219.1
Project("{FAE04EC0-301F-11D3-BF4B-00C04F79EFBC}") = "DbClinic", "DbClinic.csproj", "{AEFF86C7-CFBC-4096-86E8-FA21782E48B7}"
EndProject
Global
	GlobalSection(SolutionConfigurationPlatforms) = preSolution
		Debug|Any CPU = Debug|Any CPU
		Release|Any CPU = Release|Any CPU
	EndGlobalSection
	GlobalSection(ProjectConfigurationPlatforms) = postSolution
		{AEFF86C7-CFBC-4096-86E8-FA21782E48B7}.Debug|Any CPU.ActiveCfg = Debug|Any CPU
		{AEFF86C7-CFBC-4096-86E8-FA21782E48B7}.Debug|Any CPU.Build.0 = Debug|Any CPU
		{AEFF86C7-CFBC-4096-86E8-FA21782E48B7}.Release|Any CPU.ActiveCfg = Release|Any CPU
		{AEFF86C7-CFBC-4096-86E8-FA21782E48B7}.Release|Any CPU.Build.0 = Release|Any CPU
	EndGlobalSection
	GlobalSection(SolutionProperties) = preSolution
		HideSolutionNode = FALSE
	EndGlobalSection
	GlobalSection(ExtensibilityGlobals) = postSolution
		SolutionGuid = {62CB3C62-2393-4BF5-8ABF-6AB062A74AA1}
	EndGlobalSection
EndGlobal
